// !$*UTF8*$!
{
	archiveVersion = 1;
	classes = {
	};
	objectVersion = 46;
	objects = {

/* Begin PBXBuildFile section */
		2D77C6FE1F32AD47000AFA46 /* AppDelegate.swift in Sources */ = {isa = PBXBuildFile; fileRef = 2D77C6FD1F32AD47000AFA46 /* AppDelegate.swift */; };
		2D77C7001F32AD47000AFA46 /* ViewController.swift in Sources */ = {isa = PBXBuildFile; fileRef = 2D77C6FF1F32AD47000AFA46 /* ViewController.swift */; };
		2D77C7031F32AD47000AFA46 /* Main.storyboard in Resources */ = {isa = PBXBuildFile; fileRef = 2D77C7011F32AD47000AFA46 /* Main.storyboard */; };
		2D77C7051F32AD47000AFA46 /* Assets.xcassets in Resources */ = {isa = PBXBuildFile; fileRef = 2D77C7041F32AD47000AFA46 /* Assets.xcassets */; };
		2D77C7081F32AD47000AFA46 /* LaunchScreen.storyboard in Resources */ = {isa = PBXBuildFile; fileRef = 2D77C7061F32AD47000AFA46 /* LaunchScreen.storyboard */; };
		2D77C7131F32AD47000AFA46 /* PokedexTests.swift in Sources */ = {isa = PBXBuildFile; fileRef = 2D77C7121F32AD47000AFA46 /* PokedexTests.swift */; };
		2D77C71E1F32AD47000AFA46 /* PokedexUITests.swift in Sources */ = {isa = PBXBuildFile; fileRef = 2D77C71D1F32AD47000AFA46 /* PokedexUITests.swift */; };
		2D77C72D1F33E473000AFA46 /* Pokemon.swift in Sources */ = {isa = PBXBuildFile; fileRef = 2D77C72C1F33E473000AFA46 /* Pokemon.swift */; };
		2D77C7301F33E98B000AFA46 /* PokeCell.swift in Sources */ = {isa = PBXBuildFile; fileRef = 2D77C72F1F33E98B000AFA46 /* PokeCell.swift */; };
		2D77C7341F33EEEF000AFA46 /* pokemon.csv in Resources */ = {isa = PBXBuildFile; fileRef = 2D77C7331F33EEEF000AFA46 /* pokemon.csv */; };
		2D77C7361F33EF2C000AFA46 /* csv.swift in Sources */ = {isa = PBXBuildFile; fileRef = 2D77C7351F33EF2C000AFA46 /* csv.swift */; };
		2D77C7381F33F3D2000AFA46 /* pokefont.ttf in Resources */ = {isa = PBXBuildFile; fileRef = 2D77C7371F33F3D2000AFA46 /* pokefont.ttf */; };
		2D77C73E1F33F50F000AFA46 /* music.mp3 in Resources */ = {isa = PBXBuildFile; fileRef = 2D77C73C1F33F50F000AFA46 /* music.mp3 */; };
		2D77C73F1F33F50F000AFA46 /* music.png in Resources */ = {isa = PBXBuildFile; fileRef = 2D77C73D1F33F50F000AFA46 /* music.png */; };
		2D77C7411F356FCC000AFA46 /* PokemonDetailVC.swift in Sources */ = {isa = PBXBuildFile; fileRef = 2D77C7401F356FCC000AFA46 /* PokemonDetailVC.swift */; };
		6F1F45718FBD05238872A1D6 /* Pods_Pokedex.framework in Frameworks */ = {isa = PBXBuildFile; fileRef = A5E16206022D9EBAD17C2FC1 /* Pods_Pokedex.framework */; };
/* End PBXBuildFile section */

/* Begin PBXContainerItemProxy section */
		2D77C70F1F32AD47000AFA46 /* PBXContainerItemProxy */ = {
			isa = PBXContainerItemProxy;
			containerPortal = 2D77C6F21F32AD47000AFA46 /* Project object */;
			proxyType = 1;
			remoteGlobalIDString = 2D77C6F91F32AD47000AFA46;
			remoteInfo = Pokedex;
		};
		2D77C71A1F32AD47000AFA46 /* PBXContainerItemProxy */ = {
			isa = PBXContainerItemProxy;
			containerPortal = 2D77C6F21F32AD47000AFA46 /* Project object */;
			proxyType = 1;
			remoteGlobalIDString = 2D77C6F91F32AD47000AFA46;
			remoteInfo = Pokedex;
		};
/* End PBXContainerItemProxy section */

/* Begin PBXFileReference section */
		0C5E4B8A98709DF11104C048 /* Pods-Pokedex.release.xcconfig */ = {isa = PBXFileReference; includeInIndex = 1; lastKnownFileType = text.xcconfig; name = "Pods-Pokedex.release.xcconfig"; path = "Pods/Target Support Files/Pods-Pokedex/Pods-Pokedex.release.xcconfig"; sourceTree = "<group>"; };
		2D77C6FA1F32AD47000AFA46 /* Pokedex.app */ = {isa = PBXFileReference; explicitFileType = wrapper.application; includeInIndex = 0; path = Pokedex.app; sourceTree = BUILT_PRODUCTS_DIR; };
		2D77C6FD1F32AD47000AFA46 /* AppDelegate.swift */ = {isa = PBXFileReference; lastKnownFileType = sourcecode.swift; path = AppDelegate.swift; sourceTree = "<group>"; };
		2D77C6FF1F32AD47000AFA46 /* ViewController.swift */ = {isa = PBXFileReference; lastKnownFileType = sourcecode.swift; path = ViewController.swift; sourceTree = "<group>"; };
		2D77C7021F32AD47000AFA46 /* Base */ = {isa = PBXFileReference; lastKnownFileType = file.storyboard; name = Base; path = Base.lproj/Main.storyboard; sourceTree = "<group>"; };
		2D77C7041F32AD47000AFA46 /* Assets.xcassets */ = {isa = PBXFileReference; lastKnownFileType = folder.assetcatalog; path = Assets.xcassets; sourceTree = "<group>"; };
		2D77C7071F32AD47000AFA46 /* Base */ = {isa = PBXFileReference; lastKnownFileType = file.storyboard; name = Base; path = Base.lproj/LaunchScreen.storyboard; sourceTree = "<group>"; };
		2D77C7091F32AD47000AFA46 /* Info.plist */ = {isa = PBXFileReference; lastKnownFileType = text.plist.xml; path = Info.plist; sourceTree = "<group>"; };
		2D77C70E1F32AD47000AFA46 /* PokedexTests.xctest */ = {isa = PBXFileReference; explicitFileType = wrapper.cfbundle; includeInIndex = 0; path = PokedexTests.xctest; sourceTree = BUILT_PRODUCTS_DIR; };
		2D77C7121F32AD47000AFA46 /* PokedexTests.swift */ = {isa = PBXFileReference; lastKnownFileType = sourcecode.swift; path = PokedexTests.swift; sourceTree = "<group>"; };
		2D77C7141F32AD47000AFA46 /* Info.plist */ = {isa = PBXFileReference; lastKnownFileType = text.plist.xml; path = Info.plist; sourceTree = "<group>"; };
		2D77C7191F32AD47000AFA46 /* PokedexUITests.xctest */ = {isa = PBXFileReference; explicitFileType = wrapper.cfbundle; includeInIndex = 0; path = PokedexUITests.xctest; sourceTree = BUILT_PRODUCTS_DIR; };
		2D77C71D1F32AD47000AFA46 /* PokedexUITests.swift */ = {isa = PBXFileReference; lastKnownFileType = sourcecode.swift; path = PokedexUITests.swift; sourceTree = "<group>"; };
		2D77C71F1F32AD47000AFA46 /* Info.plist */ = {isa = PBXFileReference; lastKnownFileType = text.plist.xml; path = Info.plist; sourceTree = "<group>"; };
		2D77C72C1F33E473000AFA46 /* Pokemon.swift */ = {isa = PBXFileReference; fileEncoding = 4; lastKnownFileType = sourcecode.swift; path = Pokemon.swift; sourceTree = "<group>"; };
		2D77C72F1F33E98B000AFA46 /* PokeCell.swift */ = {isa = PBXFileReference; fileEncoding = 4; lastKnownFileType = sourcecode.swift; path = PokeCell.swift; sourceTree = "<group>"; };
		2D77C7331F33EEEF000AFA46 /* pokemon.csv */ = {isa = PBXFileReference; fileEncoding = 4; lastKnownFileType = text; path = pokemon.csv; sourceTree = "<group>"; };
		2D77C7351F33EF2C000AFA46 /* csv.swift */ = {isa = PBXFileReference; fileEncoding = 4; lastKnownFileType = sourcecode.swift; path = csv.swift; sourceTree = "<group>"; };
		2D77C7371F33F3D2000AFA46 /* pokefont.ttf */ = {isa = PBXFileReference; lastKnownFileType = file; path = pokefont.ttf; sourceTree = "<group>"; };
		2D77C73C1F33F50F000AFA46 /* music.mp3 */ = {isa = PBXFileReference; lastKnownFileType = audio.mp3; path = music.mp3; sourceTree = "<group>"; };
		2D77C73D1F33F50F000AFA46 /* music.png */ = {isa = PBXFileReference; lastKnownFileType = image.png; path = music.png; sourceTree = "<group>"; };
		2D77C7401F356FCC000AFA46 /* PokemonDetailVC.swift */ = {isa = PBXFileReference; fileEncoding = 4; lastKnownFileType = sourcecode.swift; path = PokemonDetailVC.swift; sourceTree = "<group>"; };
		A5E16206022D9EBAD17C2FC1 /* Pods_Pokedex.framework */ = {isa = PBXFileReference; explicitFileType = wrapper.framework; includeInIndex = 0; path = Pods_Pokedex.framework; sourceTree = BUILT_PRODUCTS_DIR; };
		BE553FE0C078F5067FBA21A8 /* Pods-Pokedex.debug.xcconfig */ = {isa = PBXFileReference; includeInIndex = 1; lastKnownFileType = text.xcconfig; name = "Pods-Pokedex.debug.xcconfig"; path = "Pods/Target Support Files/Pods-Pokedex/Pods-Pokedex.debug.xcconfig"; sourceTree = "<group>"; };
/* End PBXFileReference section */

/* Begin PBXFrameworksBuildPhase section */
		2D77C6F71F32AD47000AFA46 /* Frameworks */ = {
			isa = PBXFrameworksBuildPhase;
			buildActionMask = 2147483647;
			files = (
				6F1F45718FBD05238872A1D6 /* Pods_Pokedex.framework in Frameworks */,
			);
			runOnlyForDeploymentPostprocessing = 0;
		};
		2D77C70B1F32AD47000AFA46 /* Frameworks */ = {
			isa = PBXFrameworksBuildPhase;
			buildActionMask = 2147483647;
			files = (
			);
			runOnlyForDeploymentPostprocessing = 0;
		};
		2D77C7161F32AD47000AFA46 /* Frameworks */ = {
			isa = PBXFrameworksBuildPhase;
			buildActionMask = 2147483647;
			files = (
			);
			runOnlyForDeploymentPostprocessing = 0;
		};
/* End PBXFrameworksBuildPhase section */

/* Begin PBXGroup section */
		2D77C6F11F32AD47000AFA46 = {
			isa = PBXGroup;
			children = (
				2D77C6FC1F32AD47000AFA46 /* Pokedex */,
				2D77C7111F32AD47000AFA46 /* PokedexTests */,
				2D77C71C1F32AD47000AFA46 /* PokedexUITests */,
				2D77C6FB1F32AD47000AFA46 /* Products */,
				B76C8AF77AB79AFE25618717 /* Pods */,
				FF3CE618606B926E7510E75A /* Frameworks */,
			);
			sourceTree = "<group>";
		};
		2D77C6FB1F32AD47000AFA46 /* Products */ = {
			isa = PBXGroup;
			children = (
				2D77C6FA1F32AD47000AFA46 /* Pokedex.app */,
				2D77C70E1F32AD47000AFA46 /* PokedexTests.xctest */,
				2D77C7191F32AD47000AFA46 /* PokedexUITests.xctest */,
			);
			name = Products;
			sourceTree = "<group>";
		};
		2D77C6FC1F32AD47000AFA46 /* Pokedex */ = {
			isa = PBXGroup;
			children = (
				2D77C72B1F33E462000AFA46 /* Model */,
				2D77C72E1F33E972000AFA46 /* View */,
				2D77C7391F33F3DC000AFA46 /* Controller */,
				2D77C73A1F33F3E6000AFA46 /* Resources */,
				2D77C73B1F33F3FB000AFA46 /* Util */,
				2D77C6FD1F32AD47000AFA46 /* AppDelegate.swift */,
				2D77C7011F32AD47000AFA46 /* Main.storyboard */,
				2D77C7041F32AD47000AFA46 /* Assets.xcassets */,
				2D77C7061F32AD47000AFA46 /* LaunchScreen.storyboard */,
				2D77C7091F32AD47000AFA46 /* Info.plist */,
			);
			path = Pokedex;
			sourceTree = "<group>";
		};
		2D77C7111F32AD47000AFA46 /* PokedexTests */ = {
			isa = PBXGroup;
			children = (
				2D77C7121F32AD47000AFA46 /* PokedexTests.swift */,
				2D77C7141F32AD47000AFA46 /* Info.plist */,
			);
			path = PokedexTests;
			sourceTree = "<group>";
		};
		2D77C71C1F32AD47000AFA46 /* PokedexUITests */ = {
			isa = PBXGroup;
			children = (
				2D77C71D1F32AD47000AFA46 /* PokedexUITests.swift */,
				2D77C71F1F32AD47000AFA46 /* Info.plist */,
			);
			path = PokedexUITests;
			sourceTree = "<group>";
		};
		2D77C72B1F33E462000AFA46 /* Model */ = {
			isa = PBXGroup;
			children = (
				2D77C72C1F33E473000AFA46 /* Pokemon.swift */,
			);
			name = Model;
			sourceTree = "<group>";
		};
		2D77C72E1F33E972000AFA46 /* View */ = {
			isa = PBXGroup;
			children = (
				2D77C72F1F33E98B000AFA46 /* PokeCell.swift */,
			);
			name = View;
			sourceTree = "<group>";
		};
		2D77C7391F33F3DC000AFA46 /* Controller */ = {
			isa = PBXGroup;
			children = (
				2D77C6FF1F32AD47000AFA46 /* ViewController.swift */,
				2D77C7401F356FCC000AFA46 /* PokemonDetailVC.swift */,
			);
			name = Controller;
			sourceTree = "<group>";
		};
		2D77C73A1F33F3E6000AFA46 /* Resources */ = {
			isa = PBXGroup;
			children = (
				2D77C7371F33F3D2000AFA46 /* pokefont.ttf */,
				2D77C7331F33EEEF000AFA46 /* pokemon.csv */,
				2D77C73C1F33F50F000AFA46 /* music.mp3 */,
				2D77C73D1F33F50F000AFA46 /* music.png */,
			);
			name = Resources;
			sourceTree = "<group>";
		};
		2D77C73B1F33F3FB000AFA46 /* Util */ = {
			isa = PBXGroup;
			children = (
				2D77C7351F33EF2C000AFA46 /* csv.swift */,
			);
			name = Util;
			sourceTree = "<group>";
		};
		B76C8AF77AB79AFE25618717 /* Pods */ = {
			isa = PBXGroup;
			children = (
				BE553FE0C078F5067FBA21A8 /* Pods-Pokedex.debug.xcconfig */,
				0C5E4B8A98709DF11104C048 /* Pods-Pokedex.release.xcconfig */,
			);
			name = Pods;
			sourceTree = "<group>";
		};
		FF3CE618606B926E7510E75A /* Frameworks */ = {
			isa = PBXGroup;
			children = (
				A5E16206022D9EBAD17C2FC1 /* Pods_Pokedex.framework */,
			);
			name = Frameworks;
			sourceTree = "<group>";
		};
/* End PBXGroup section */

/* Begin PBXNativeTarget section */
		2D77C6F91F32AD47000AFA46 /* Pokedex */ = {
			isa = PBXNativeTarget;
			buildConfigurationList = 2D77C7221F32AD47000AFA46 /* Build configuration list for PBXNativeTarget "Pokedex" */;
			buildPhases = (
				964DC2229D8B007EE82F6B6A /* [CP] Check Pods Manifest.lock */,
				2D77C6F61F32AD47000AFA46 /* Sources */,
				2D77C6F71F32AD47000AFA46 /* Frameworks */,
				2D77C6F81F32AD47000AFA46 /* Resources */,
				71FCD2DD4A47E40333D5110A /* [CP] Embed Pods Frameworks */,
				F5B7F35AA7FE56C3280EAE98 /* [CP] Copy Pods Resources */,
			);
			buildRules = (
			);
			dependencies = (
			);
			name = Pokedex;
			productName = Pokedex;
			productReference = 2D77C6FA1F32AD47000AFA46 /* Pokedex.app */;
			productType = "com.apple.product-type.application";
		};
		2D77C70D1F32AD47000AFA46 /* PokedexTests */ = {
			isa = PBXNativeTarget;
			buildConfigurationList = 2D77C7251F32AD47000AFA46 /* Build configuration list for PBXNativeTarget "PokedexTests" */;
			buildPhases = (
				2D77C70A1F32AD47000AFA46 /* Sources */,
				2D77C70B1F32AD47000AFA46 /* Frameworks */,
				2D77C70C1F32AD47000AFA46 /* Resources */,
			);
			buildRules = (
			);
			dependencies = (
				2D77C7101F32AD47000AFA46 /* PBXTargetDependency */,
			);
			name = PokedexTests;
			productName = PokedexTests;
			productReference = 2D77C70E1F32AD47000AFA46 /* PokedexTests.xctest */;
			productType = "com.apple.product-type.bundle.unit-test";
		};
		2D77C7181F32AD47000AFA46 /* PokedexUITests */ = {
			isa = PBXNativeTarget;
			buildConfigurationList = 2D77C7281F32AD47000AFA46 /* Build configuration list for PBXNativeTarget "PokedexUITests" */;
			buildPhases = (
				2D77C7151F32AD47000AFA46 /* Sources */,
				2D77C7161F32AD47000AFA46 /* Frameworks */,
				2D77C7171F32AD47000AFA46 /* Resources */,
			);
			buildRules = (
			);
			dependencies = (
				2D77C71B1F32AD47000AFA46 /* PBXTargetDependency */,
			);
			name = PokedexUITests;
			productName = PokedexUITests;
			productReference = 2D77C7191F32AD47000AFA46 /* PokedexUITests.xctest */;
			productType = "com.apple.product-type.bundle.ui-testing";
		};
/* End PBXNativeTarget section */

/* Begin PBXProject section */
		2D77C6F21F32AD47000AFA46 /* Project object */ = {
			isa = PBXProject;
			attributes = {
				LastSwiftUpdateCheck = 0830;
				LastUpgradeCheck = 0830;
				ORGANIZATIONNAME = "Micah Rowell";
				TargetAttributes = {
					2D77C6F91F32AD47000AFA46 = {
						CreatedOnToolsVersion = 8.3.3;
						DevelopmentTeam = H45JYNNLPV;
						LastSwiftMigration = 0830;
						ProvisioningStyle = Automatic;
					};
					2D77C70D1F32AD47000AFA46 = {
						CreatedOnToolsVersion = 8.3.3;
						DevelopmentTeam = H45JYNNLPV;
						LastSwiftMigration = 0830;
						ProvisioningStyle = Automatic;
						TestTargetID = 2D77C6F91F32AD47000AFA46;
					};
					2D77C7181F32AD47000AFA46 = {
						CreatedOnToolsVersion = 8.3.3;
						DevelopmentTeam = H45JYNNLPV;
						LastSwiftMigration = 0830;
						ProvisioningStyle = Automatic;
						TestTargetID = 2D77C6F91F32AD47000AFA46;
					};
				};
			};
			buildConfigurationList = 2D77C6F51F32AD47000AFA46 /* Build configuration list for PBXProject "Pokedex" */;
			compatibilityVersion = "Xcode 3.2";
			developmentRegion = English;
			hasScannedForEncodings = 0;
			knownRegions = (
				en,
				Base,
			);
			mainGroup = 2D77C6F11F32AD47000AFA46;
			productRefGroup = 2D77C6FB1F32AD47000AFA46 /* Products */;
			projectDirPath = "";
			projectRoot = "";
			targets = (
				2D77C6F91F32AD47000AFA46 /* Pokedex */,
				2D77C70D1F32AD47000AFA46 /* PokedexTests */,
				2D77C7181F32AD47000AFA46 /* PokedexUITests */,
			);
		};
/* End PBXProject section */

/* Begin PBXResourcesBuildPhase section */
		2D77C6F81F32AD47000AFA46 /* Resources */ = {
			isa = PBXResourcesBuildPhase;
			buildActionMask = 2147483647;
			files = (
				2D77C7381F33F3D2000AFA46 /* pokefont.ttf in Resources */,
				2D77C73F1F33F50F000AFA46 /* music.png in Resources */,
				2D77C7081F32AD47000AFA46 /* LaunchScreen.storyboard in Resources */,
				2D77C73E1F33F50F000AFA46 /* music.mp3 in Resources */,
				2D77C7051F32AD47000AFA46 /* Assets.xcassets in Resources */,
				2D77C7341F33EEEF000AFA46 /* pokemon.csv in Resources */,
				2D77C7031F32AD47000AFA46 /* Main.storyboard in Resources */,
			);
			runOnlyForDeploymentPostprocessing = 0;
		};
		2D77C70C1F32AD47000AFA46 /* Resources */ = {
			isa = PBXResourcesBuildPhase;
			buildActionMask = 2147483647;
			files = (
			);
			runOnlyForDeploymentPostprocessing = 0;
		};
		2D77C7171F32AD47000AFA46 /* Resources */ = {
			isa = PBXResourcesBuildPhase;
			buildActionMask = 2147483647;
			files = (
			);
			runOnlyForDeploymentPostprocessing = 0;
		};
/* End PBXResourcesBuildPhase section */

/* Begin PBXShellScriptBuildPhase section */
		71FCD2DD4A47E40333D5110A /* [CP] Embed Pods Frameworks */ = {
			isa = PBXShellScriptBuildPhase;
			buildActionMask = 2147483647;
			files = (
			);
			inputPaths = (
			);
			name = "[CP] Embed Pods Frameworks";
			outputPaths = (
			);
			runOnlyForDeploymentPostprocessing = 0;
			shellPath = /bin/sh;
			shellScript = "\"${SRCROOT}/Pods/Target Support Files/Pods-Pokedex/Pods-Pokedex-frameworks.sh\"\n";
			showEnvVarsInLog = 0;
		};
		964DC2229D8B007EE82F6B6A /* [CP] Check Pods Manifest.lock */ = {
			isa = PBXShellScriptBuildPhase;
			buildActionMask = 2147483647;
			files = (
			);
			inputPaths = (
			);
			name = "[CP] Check Pods Manifest.lock";
			outputPaths = (
			);
			runOnlyForDeploymentPostprocessing = 0;
			shellPath = /bin/sh;
			shellScript = "diff \"${PODS_PODFILE_DIR_PATH}/Podfile.lock\" \"${PODS_ROOT}/Manifest.lock\" > /dev/null\nif [ $? != 0 ] ; then\n    # print error to STDERR\n    echo \"error: The sandbox is not in sync with the Podfile.lock. Run 'pod install' or update your CocoaPods installation.\" >&2\n    exit 1\nfi\n";
			showEnvVarsInLog = 0;
		};
		F5B7F35AA7FE56C3280EAE98 /* [CP] Copy Pods Resources */ = {
			isa = PBXShellScriptBuildPhase;
			buildActionMask = 2147483647;
			files = (
			);
			inputPaths = (
			);
			name = "[CP] Copy Pods Resources";
			outputPaths = (
			);
			runOnlyForDeploymentPostprocessing = 0;
			shellPath = /bin/sh;
			shellScript = "\"${SRCROOT}/Pods/Target Support Files/Pods-Pokedex/Pods-Pokedex-resources.sh\"\n";
			showEnvVarsInLog = 0;
		};
/* End PBXShellScriptBuildPhase section */

/* Begin PBXSourcesBuildPhase section */
		2D77C6F61F32AD47000AFA46 /* Sources */ = {
			isa = PBXSourcesBuildPhase;
			buildActionMask = 2147483647;
			files = (
				2D77C7301F33E98B000AFA46 /* PokeCell.swift in Sources */,
				2D77C7001F32AD47000AFA46 /* ViewController.swift in Sources */,
				2D77C6FE1F32AD47000AFA46 /* AppDelegate.swift in Sources */,
				2D77C7411F356FCC000AFA46 /* PokemonDetailVC.swift in Sources */,
				2D77C72D1F33E473000AFA46 /* Pokemon.swift in Sources */,
				2D77C7361F33EF2C000AFA46 /* csv.swift in Sources */,
			);
			runOnlyForDeploymentPostprocessing = 0;
		};
		2D77C70A1F32AD47000AFA46 /* Sources */ = {
			isa = PBXSourcesBuildPhase;
			buildActionMask = 2147483647;
			files = (
				2D77C7131F32AD47000AFA46 /* PokedexTests.swift in Sources */,
			);
			runOnlyForDeploymentPostprocessing = 0;
		};
		2D77C7151F32AD47000AFA46 /* Sources */ = {
			isa = PBXSourcesBuildPhase;
			buildActionMask = 2147483647;
			files = (
				2D77C71E1F32AD47000AFA46 /* PokedexUITests.swift in Sources */,
			);
			runOnlyForDeploymentPostprocessing = 0;
		};
/* End PBXSourcesBuildPhase section */

/* Begin PBXTargetDependency section */
		2D77C7101F32AD47000AFA46 /* PBXTargetDependency */ = {
			isa = PBXTargetDependency;
			target = 2D77C6F91F32AD47000AFA46 /* Pokedex */;
			targetProxy = 2D77C70F1F32AD47000AFA46 /* PBXContainerItemProxy */;
		};
		2D77C71B1F32AD47000AFA46 /* PBXTargetDependency */ = {
			isa = PBXTargetDependency;
			target = 2D77C6F91F32AD47000AFA46 /* Pokedex */;
			targetProxy = 2D77C71A1F32AD47000AFA46 /* PBXContainerItemProxy */;
		};
/* End PBXTargetDependency section */

/* Begin PBXVariantGroup section */
		2D77C7011F32AD47000AFA46 /* Main.storyboard */ = {
			isa = PBXVariantGroup;
			children = (
				2D77C7021F32AD47000AFA46 /* Base */,
			);
			name = Main.storyboard;
			sourceTree = "<group>";
		};
		2D77C7061F32AD47000AFA46 /* LaunchScreen.storyboard */ = {
			isa = PBXVariantGroup;
			children = (
				2D77C7071F32AD47000AFA46 /* Base */,
			);
			name = LaunchScreen.storyboard;
			sourceTree = "<group>";
		};
/* End PBXVariantGroup section */

/* Begin XCBuildConfiguration section */
		2D77C7201F32AD47000AFA46 /* Debug */ = {
			isa = XCBuildConfiguration;
			buildSettings = {
				ALWAYS_SEARCH_USER_PATHS = NO;
				CLANG_ANALYZER_NONNULL = YES;
				CLANG_ANALYZER_NUMBER_OBJECT_CONVERSION = YES_AGGRESSIVE;
				CLANG_CXX_LANGUAGE_STANDARD = "gnu++0x";
				CLANG_CXX_LIBRARY = "libc++";
				CLANG_ENABLE_MODULES = YES;
				CLANG_ENABLE_OBJC_ARC = YES;
				CLANG_WARN_BOOL_CONVERSION = YES;
				CLANG_WARN_CONSTANT_CONVERSION = YES;
				CLANG_WARN_DIRECT_OBJC_ISA_USAGE = YES_ERROR;
				CLANG_WARN_DOCUMENTATION_COMMENTS = YES;
				CLANG_WARN_EMPTY_BODY = YES;
				CLANG_WARN_ENUM_CONVERSION = YES;
				CLANG_WARN_INFINITE_RECURSION = YES;
				CLANG_WARN_INT_CONVERSION = YES;
				CLANG_WARN_OBJC_ROOT_CLASS = YES_ERROR;
				CLANG_WARN_SUSPICIOUS_MOVE = YES;
				CLANG_WARN_UNREACHABLE_CODE = YES;
				CLANG_WARN__DUPLICATE_METHOD_MATCH = YES;
				"CODE_SIGN_IDENTITY[sdk=iphoneos*]" = "iPhone Developer";
				COPY_PHASE_STRIP = NO;
				DEBUG_INFORMATION_FORMAT = dwarf;
				ENABLE_STRICT_OBJC_MSGSEND = YES;
				ENABLE_TESTABILITY = YES;
				GCC_C_LANGUAGE_STANDARD = gnu99;
				GCC_DYNAMIC_NO_PIC = NO;
				GCC_NO_COMMON_BLOCKS = YES;
				GCC_OPTIMIZATION_LEVEL = 0;
				GCC_PREPROCESSOR_DEFINITIONS = (
					"DEBUG=1",
					"$(inherited)",
				);
				GCC_WARN_64_TO_32_BIT_CONVERSION = YES;
				GCC_WARN_ABOUT_RETURN_TYPE = YES_ERROR;
				GCC_WARN_UNDECLARED_SELECTOR = YES;
				GCC_WARN_UNINITIALIZED_AUTOS = YES_AGGRESSIVE;
				GCC_WARN_UNUSED_FUNCTION = YES;
				GCC_WARN_UNUSED_VARIABLE = YES;
				IPHONEOS_DEPLOYMENT_TARGET = 10.3;
				MTL_ENABLE_DEBUG_INFO = YES;
				ONLY_ACTIVE_ARCH = YES;
				SDKROOT = iphoneos;
				SWIFT_ACTIVE_COMPILATION_CONDITIONS = DEBUG;
				SWIFT_OPTIMIZATION_LEVEL = "-Onone";
				TARGETED_DEVICE_FAMILY = "1,2";
			};
			name = Debug;
		};
		2D77C7211F32AD47000AFA46 /* Release */ = {
			isa = XCBuildConfiguration;
			buildSettings = {
				ALWAYS_SEARCH_USER_PATHS = NO;
				CLANG_ANALYZER_NONNULL = YES;
				CLANG_ANALYZER_NUMBER_OBJECT_CONVERSION = YES_AGGRESSIVE;
				CLANG_CXX_LANGUAGE_STANDARD = "gnu++0x";
				CLANG_CXX_LIBRARY = "libc++";
				CLANG_ENABLE_MODULES = YES;
				CLANG_ENABLE_OBJC_ARC = YES;
				CLANG_WARN_BOOL_CONVERSION = YES;
				CLANG_WARN_CONSTANT_CONVERSION = YES;
				CLANG_WARN_DIRECT_OBJC_ISA_USAGE = YES_ERROR;
				CLANG_WARN_DOCUMENTATION_COMMENTS = YES;
				CLANG_WARN_EMPTY_BODY = YES;
				CLANG_WARN_ENUM_CONVERSION = YES;
				CLANG_WARN_INFINITE_RECURSION = YES;
				CLANG_WARN_INT_CONVERSION = YES;
				CLANG_WARN_OBJC_ROOT_CLASS = YES_ERROR;
				CLANG_WARN_SUSPICIOUS_MOVE = YES;
				CLANG_WARN_UNREACHABLE_CODE = YES;
				CLANG_WARN__DUPLICATE_METHOD_MATCH = YES;
				"CODE_SIGN_IDENTITY[sdk=iphoneos*]" = "iPhone Developer";
				COPY_PHASE_STRIP = NO;
				DEBUG_INFORMATION_FORMAT = "dwarf-with-dsym";
				ENABLE_NS_ASSERTIONS = NO;
				ENABLE_STRICT_OBJC_MSGSEND = YES;
				GCC_C_LANGUAGE_STANDARD = gnu99;
				GCC_NO_COMMON_BLOCKS = YES;
				GCC_WARN_64_TO_32_BIT_CONVERSION = YES;
				GCC_WARN_ABOUT_RETURN_TYPE = YES_ERROR;
				GCC_WARN_UNDECLARED_SELECTOR = YES;
				GCC_WARN_UNINITIALIZED_AUTOS = YES_AGGRESSIVE;
				GCC_WARN_UNUSED_FUNCTION = YES;
				GCC_WARN_UNUSED_VARIABLE = YES;
				IPHONEOS_DEPLOYMENT_TARGET = 10.3;
				MTL_ENABLE_DEBUG_INFO = NO;
				SDKROOT = iphoneos;
				SWIFT_OPTIMIZATION_LEVEL = "-Owholemodule";
				TARGETED_DEVICE_FAMILY = "1,2";
				VALIDATE_PRODUCT = YES;
			};
			name = Release;
		};
		2D77C7231F32AD47000AFA46 /* Debug */ = {
			isa = XCBuildConfiguration;
			baseConfigurationReference = BE553FE0C078F5067FBA21A8 /* Pods-Pokedex.debug.xcconfig */;
			buildSettings = {
				ASSETCATALOG_COMPILER_APPICON_NAME = AppIcon;
				DEVELOPMENT_TEAM = H45JYNNLPV;
				INFOPLIST_FILE = Pokedex/Info.plist;
				LD_RUNPATH_SEARCH_PATHS = "$(inherited) @executable_path/Frameworks";
				PRODUCT_BUNDLE_IDENTIFIER = com.micahrowell.Pokedex;
				PRODUCT_NAME = "$(TARGET_NAME)";
				SWIFT_VERSION = 3.0;
			};
			name = Debug;
		};
		2D77C7241F32AD47000AFA46 /* Release */ = {
			isa = XCBuildConfiguration;
			baseConfigurationReference = 0C5E4B8A98709DF11104C048 /* Pods-Pokedex.release.xcconfig */;
			buildSettings = {
				ASSETCATALOG_COMPILER_APPICON_NAME = AppIcon;
				DEVELOPMENT_TEAM = H45JYNNLPV;
				INFOPLIST_FILE = Pokedex/Info.plist;
				LD_RUNPATH_SEARCH_PATHS = "$(inherited) @executable_path/Frameworks";
				PRODUCT_BUNDLE_IDENTIFIER = com.micahrowell.Pokedex;
				PRODUCT_NAME = "$(TARGET_NAME)";
				SWIFT_VERSION = 3.0;
			};
			name = Release;
		};
		2D77C7261F32AD47000AFA46 /* Debug */ = {
			isa = XCBuildConfiguration;
			buildSettings = {
				ALWAYS_EMBED_SWIFT_STANDARD_LIBRARIES = YES;
				BUNDLE_LOADER = "$(TEST_HOST)";
				DEVELOPMENT_TEAM = H45JYNNLPV;
				INFOPLIST_FILE = PokedexTests/Info.plist;
				LD_RUNPATH_SEARCH_PATHS = "$(inherited) @executable_path/Frameworks @loader_path/Frameworks";
				PRODUCT_BUNDLE_IDENTIFIER = com.micahrowell.PokedexTests;
				PRODUCT_NAME = "$(TARGET_NAME)";
				SWIFT_VERSION = 3.0;
				TEST_HOST = "$(BUILT_PRODUCTS_DIR)/Pokedex.app/Pokedex";
			};
			name = Debug;
		};
		2D77C7271F32AD47000AFA46 /* Release */ = {
			isa = XCBuildConfiguration;
			buildSettings = {
				ALWAYS_EMBED_SWIFT_STANDARD_LIBRARIES = YES;
				BUNDLE_LOADER = "$(TEST_HOST)";
				DEVELOPMENT_TEAM = H45JYNNLPV;
				INFOPLIST_FILE = PokedexTests/Info.plist;
				LD_RUNPATH_SEARCH_PATHS = "$(inherited) @executable_path/Frameworks @loader_path/Frameworks";
				PRODUCT_BUNDLE_IDENTIFIER = com.micahrowell.PokedexTests;
				PRODUCT_NAME = "$(TARGET_NAME)";
				SWIFT_VERSION = 3.0;
				TEST_HOST = "$(BUILT_PRODUCTS_DIR)/Pokedex.app/Pokedex";
			};
			name = Release;
		};
		2D77C7291F32AD47000AFA46 /* Debug */ = {
			isa = XCBuildConfiguration;
			buildSettings = {
				ALWAYS_EMBED_SWIFT_STANDARD_LIBRARIES = YES;
				DEVELOPMENT_TEAM = H45JYNNLPV;
				INFOPLIST_FILE = PokedexUITests/Info.plist;
				LD_RUNPATH_SEARCH_PATHS = "$(inherited) @executable_path/Frameworks @loader_path/Frameworks";
				PRODUCT_BUNDLE_IDENTIFIER = com.micahrowell.PokedexUITests;
				PRODUCT_NAME = "$(TARGET_NAME)";
				SWIFT_VERSION = 3.0;
				TEST_TARGET_NAME = Pokedex;
			};
			name = Debug;
		};
		2D77C72A1F32AD47000AFA46 /* Release */ = {
			isa = XCBuildConfiguration;
			buildSettings = {
				ALWAYS_EMBED_SWIFT_STANDARD_LIBRARIES = YES;
				DEVELOPMENT_TEAM = H45JYNNLPV;
				INFOPLIST_FILE = PokedexUITests/Info.plist;
				LD_RUNPATH_SEARCH_PATHS = "$(inherited) @executable_path/Frameworks @loader_path/Frameworks";
				PRODUCT_BUNDLE_IDENTIFIER = com.micahrowell.PokedexUITests;
				PRODUCT_NAME = "$(TARGET_NAME)";
				SWIFT_VERSION = 3.0;
				TEST_TARGET_NAME = Pokedex;
			};
			name = Release;
		};
/* End XCBuildConfiguration section */

/* Begin XCConfigurationList section */
		2D77C6F51F32AD47000AFA46 /* Build configuration list for PBXProject "Pokedex" */ = {
			isa = XCConfigurationList;
			buildConfigurations = (
				2D77C7201F32AD47000AFA46 /* Debug */,
				2D77C7211F32AD47000AFA46 /* Release */,
			);
			defaultConfigurationIsVisible = 0;
			defaultConfigurationName = Release;
		};
		2D77C7221F32AD47000AFA46 /* Build configuration list for PBXNativeTarget "Pokedex" */ = {
			isa = XCConfigurationList;
			buildConfigurations = (
				2D77C7231F32AD47000AFA46 /* Debug */,
				2D77C7241F32AD47000AFA46 /* Release */,
			);
			defaultConfigurationIsVisible = 0;
		};
		2D77C7251F32AD47000AFA46 /* Build configuration list for PBXNativeTarget "PokedexTests" */ = {
			isa = XCConfigurationList;
			buildConfigurations = (
				2D77C7261F32AD47000AFA46 /* Debug */,
				2D77C7271F32AD47000AFA46 /* Release */,
			);
			defaultConfigurationIsVisible = 0;
		};
		2D77C7281F32AD47000AFA46 /* Build configuration list for PBXNativeTarget "PokedexUITests" */ = {
			isa = XCConfigurationList;
			buildConfigurations = (
				2D77C7291F32AD47000AFA46 /* Debug */,
				2D77C72A1F32AD47000AFA46 /* Release */,
			);
			defaultConfigurationIsVisible = 0;
		};
/* End XCConfigurationList section */
	};
	rootObject = 2D77C6F21F32AD47000AFA46 /* Project object */;
}
